
Microsoft Visual Studio Solution File, Format Version 12.00
# Visual Studio Version 17
VisualStudioVersion = 17.0.31903.59
MinimumVisualStudioVersion = 10.0.40219.1
Project("{2150E333-8FDC-42A3-9474-1A3956D46DE8}") = "packages", "packages", "{809F86A1-1C4C-B159-0CD4-DF9D33D876CE}"
EndProject
Project("{2150E333-8FDC-42A3-9474-1A3956D46DE8}") = "core", "core", "{81C5FA5E-A62B-98A1-4CBC-09B5BB06FF07}"
EndProject
Project("{FAE04EC0-301F-11D3-BF4B-00C04F79EFBC}") = "SirThaddeus.Core", "packages\core\SirThaddeus.Core\SirThaddeus.Core.csproj", "{81E72A2A-C65F-431D-B424-65DB9B42B888}"
EndProject
Project("{FAE04EC0-301F-11D3-BF4B-00C04F79EFBC}") = "SirThaddeus.AuditLog", "packages\audit-log\SirThaddeus.AuditLog\SirThaddeus.AuditLog.csproj", "{02EA8F19-882C-421A-9451-C071B82AA647}"
EndProject
Project("{FAE04EC0-301F-11D3-BF4B-00C04F79EFBC}") = "SirThaddeus.DesktopRuntime", "apps\desktop-runtime\SirThaddeus.DesktopRuntime\SirThaddeus.DesktopRuntime.csproj", "{A2067C64-63DF-4541-82F2-CD6039A8D62B}"
EndProject
Project("{FAE04EC0-301F-11D3-BF4B-00C04F79EFBC}") = "SirThaddeus.Tests", "tests\SirThaddeus.Tests\SirThaddeus.Tests.csproj", "{2F552A81-4666-45B1-BCC1-B823F972D07C}"
EndProject
Project("{2150E333-8FDC-42A3-9474-1A3956D46DE8}") = "permission-broker", "permission-broker", "{A945DB05-C800-8A71-D24C-4FA0B61D3759}"
EndProject
Project("{FAE04EC0-301F-11D3-BF4B-00C04F79EFBC}") = "SirThaddeus.PermissionBroker", "packages\permission-broker\SirThaddeus.PermissionBroker\SirThaddeus.PermissionBroker.csproj", "{6810C2F0-3D91-43B9-9E19-D988A718BF4E}"
EndProject
Project("{2150E333-8FDC-42A3-9474-1A3956D46DE8}") = "tool-runner", "tool-runner", "{B9423D08-CE48-A7AE-D053-55CAACFA0FFF}"
EndProject
Project("{FAE04EC0-301F-11D3-BF4B-00C04F79EFBC}") = "SirThaddeus.ToolRunner", "packages\tool-runner\SirThaddeus.ToolRunner\SirThaddeus.ToolRunner.csproj", "{426CFB4F-9D69-44A8-B031-FE4E3F9DB2C4}"
EndProject
Project("{2150E333-8FDC-42A3-9474-1A3956D46DE8}") = "invocation", "invocation", "{BC1CBC8D-895D-08E1-B3BF-7F4EA9D04990}"
EndProject
Project("{FAE04EC0-301F-11D3-BF4B-00C04F79EFBC}") = "SirThaddeus.Invocation", "packages\invocation\SirThaddeus.Invocation\SirThaddeus.Invocation.csproj", "{2ED16670-906A-45A4-B8CC-213539B5ED36}"
EndProject
Project("{2150E333-8FDC-42A3-9474-1A3956D46DE8}") = "local-tools", "local-tools", "{BF808D8C-9CCA-4AC7-3717-5549EED6ECE8}"
EndProject
Project("{FAE04EC0-301F-11D3-BF4B-00C04F79EFBC}") = "SirThaddeus.LocalTools.Playwright", "packages\local-tools\SirThaddeus.LocalTools.Playwright\SirThaddeus.LocalTools.Playwright.csproj", "{285BD69E-F806-4272-83BD-EDC653542867}"
EndProject
Project("{2150E333-8FDC-42A3-9474-1A3956D46DE8}") = "observation-spec", "observation-spec", "{72FEB734-7670-BDE7-A775-816F8EB9EF43}"
EndProject
Project("{FAE04EC0-301F-11D3-BF4B-00C04F79EFBC}") = "SirThaddeus.ObservationSpec", "packages\observation-spec\SirThaddeus.ObservationSpec\SirThaddeus.ObservationSpec.csproj", "{D39DD1E4-23B1-4AD0-9412-F3C309BF911B}"
EndProject
Project("{2150E333-8FDC-42A3-9474-1A3956D46DE8}") = "apps", "apps", "{1787FE1D-075E-9E68-7218-25F1BD1BBEAB}"
EndProject
Project("{2150E333-8FDC-42A3-9474-1A3956D46DE8}") = "mcp-server", "mcp-server", "{02FD4ABA-C481-1A51-5890-3532152FB947}"
EndProject
Project("{FAE04EC0-301F-11D3-BF4B-00C04F79EFBC}") = "SirThaddeus.McpServer", "apps\mcp-server\SirThaddeus.McpServer\SirThaddeus.McpServer.csproj", "{07E5D529-57AB-4134-8576-384F87F6C35F}"
EndProject
Project("{2150E333-8FDC-42A3-9474-1A3956D46DE8}") = "llm-client", "llm-client", "{016E74C4-BA66-7AF7-EB99-0403331CA56E}"
EndProject
Project("{FAE04EC0-301F-11D3-BF4B-00C04F79EFBC}") = "SirThaddeus.LlmClient", "packages\llm-client\SirThaddeus.LlmClient\SirThaddeus.LlmClient.csproj", "{ACCE8EA8-DF59-4632-A20C-6B64A01346B1}"
EndProject
Project("{2150E333-8FDC-42A3-9474-1A3956D46DE8}") = "agent", "agent", "{875F2892-3B43-8868-189A-09A484CD40A7}"
EndProject
Project("{FAE04EC0-301F-11D3-BF4B-00C04F79EFBC}") = "SirThaddeus.Agent", "packages\agent\SirThaddeus.Agent\SirThaddeus.Agent.csproj", "{4D23D46D-6F37-4F14-AD71-B5FEC1DAD5F8}"
EndProject
Project("{2150E333-8FDC-42A3-9474-1A3956D46DE8}") = "config", "config", "{889DB5B7-BB0E-9486-7B09-0C8CB21ACA3E}"
EndProject
Project("{FAE04EC0-301F-11D3-BF4B-00C04F79EFBC}") = "SirThaddeus.Config", "packages\config\SirThaddeus.Config\SirThaddeus.Config.csproj", "{36C34A48-93E0-485A-A375-2060965F48FC}"
EndProject
Project("{2150E333-8FDC-42A3-9474-1A3956D46DE8}") = "web-search", "web-search", "{740FA828-1707-0689-5F07-0CB2A65FA23D}"
EndProject
Project("{FAE04EC0-301F-11D3-BF4B-00C04F79EFBC}") = "SirThaddeus.WebSearch", "packages\web-search\SirThaddeus.WebSearch\SirThaddeus.WebSearch.csproj", "{2A3F2FE6-2856-4695-9D79-208BCF656D0C}"
EndProject
Project("{FAE04EC0-301F-11D3-BF4B-00C04F79EFBC}") = "SirThaddeus.Memory", "packages\memory\SirThaddeus.Memory\SirThaddeus.Memory.csproj", "{374C8663-BE43-48E7-99CA-78F20AA640CC}"
EndProject
Project("{FAE04EC0-301F-11D3-BF4B-00C04F79EFBC}") = "SirThaddeus.Memory.Sqlite", "packages\memory-sqlite\SirThaddeus.Memory.Sqlite\SirThaddeus.Memory.Sqlite.csproj", "{EA475E2F-E2A8-43B6-94FF-6AC11176D84B}"
EndProject
Project("{2150E333-8FDC-42A3-9474-1A3956D46DE8}") = "tools", "tools", "{07C2787E-EAC7-C090-1BA3-A61EC2A24D84}"
EndProject
Project("{FAE04EC0-301F-11D3-BF4B-00C04F79EFBC}") = "PopulateTestMemory", "tools\PopulateTestMemory.csproj", "{1F5D4B8A-3037-41B2-8034-D67EB92C9C82}"
EndProject
Global
	GlobalSection(SolutionConfigurationPlatforms) = preSolution
		Debug|Any CPU = Debug|Any CPU
		Debug|x64 = Debug|x64
		Debug|x86 = Debug|x86
		Release|Any CPU = Release|Any CPU
		Release|x64 = Release|x64
		Release|x86 = Release|x86
	EndGlobalSection
	GlobalSection(ProjectConfigurationPlatforms) = postSolution
		{81E72A2A-C65F-431D-B424-65DB9B42B888}.Debug|Any CPU.ActiveCfg = Debug|Any CPU
		{81E72A2A-C65F-431D-B424-65DB9B42B888}.Debug|Any CPU.Build.0 = Debug|Any CPU
		{81E72A2A-C65F-431D-B424-65DB9B42B888}.Debug|x64.ActiveCfg = Debug|Any CPU
		{81E72A2A-C65F-431D-B424-65DB9B42B888}.Debug|x64.Build.0 = Debug|Any CPU
		{81E72A2A-C65F-431D-B424-65DB9B42B888}.Debug|x86.ActiveCfg = Debug|Any CPU
		{81E72A2A-C65F-431D-B424-65DB9B42B888}.Debug|x86.Build.0 = Debug|Any CPU
		{81E72A2A-C65F-431D-B424-65DB9B42B888}.Release|Any CPU.ActiveCfg = Release|Any CPU
		{81E72A2A-C65F-431D-B424-65DB9B42B888}.Release|Any CPU.Build.0 = Release|Any CPU
		{81E72A2A-C65F-431D-B424-65DB9B42B888}.Release|x64.ActiveCfg = Release|Any CPU
		{81E72A2A-C65F-431D-B424-65DB9B42B888}.Release|x64.Build.0 = Release|Any CPU
		{81E72A2A-C65F-431D-B424-65DB9B42B888}.Release|x86.ActiveCfg = Release|Any CPU
		{81E72A2A-C65F-431D-B424-65DB9B42B888}.Release|x86.Build.0 = Release|Any CPU
		{02EA8F19-882C-421A-9451-C071B82AA647}.Debug|Any CPU.ActiveCfg = Debug|Any CPU
		{02EA8F19-882C-421A-9451-C071B82AA647}.Debug|Any CPU.Build.0 = Debug|Any CPU
		{02EA8F19-882C-421A-9451-C071B82AA647}.Debug|x64.ActiveCfg = Debug|Any CPU
		{02EA8F19-882C-421A-9451-C071B82AA647}.Debug|x64.Build.0 = Debug|Any CPU
		{02EA8F19-882C-421A-9451-C071B82AA647}.Debug|x86.ActiveCfg = Debug|Any CPU
		{02EA8F19-882C-421A-9451-C071B82AA647}.Debug|x86.Build.0 = Debug|Any CPU
		{02EA8F19-882C-421A-9451-C071B82AA647}.Release|Any CPU.ActiveCfg = Release|Any CPU
		{02EA8F19-882C-421A-9451-C071B82AA647}.Release|Any CPU.Build.0 = Release|Any CPU
		{02EA8F19-882C-421A-9451-C071B82AA647}.Release|x64.ActiveCfg = Release|Any CPU
		{02EA8F19-882C-421A-9451-C071B82AA647}.Release|x64.Build.0 = Release|Any CPU
		{02EA8F19-882C-421A-9451-C071B82AA647}.Release|x86.ActiveCfg = Release|Any CPU
		{02EA8F19-882C-421A-9451-C071B82AA647}.Release|x86.Build.0 = Release|Any CPU
		{A2067C64-63DF-4541-82F2-CD6039A8D62B}.Debug|Any CPU.ActiveCfg = Debug|Any CPU
		{A2067C64-63DF-4541-82F2-CD6039A8D62B}.Debug|Any CPU.Build.0 = Debug|Any CPU
		{A2067C64-63DF-4541-82F2-CD6039A8D62B}.Debug|x64.ActiveCfg = Debug|Any CPU
		{A2067C64-63DF-4541-82F2-CD6039A8D62B}.Debug|x64.Build.0 = Debug|Any CPU
		{A2067C64-63DF-4541-82F2-CD6039A8D62B}.Debug|x86.ActiveCfg = Debug|Any CPU
		{A2067C64-63DF-4541-82F2-CD6039A8D62B}.Debug|x86.Build.0 = Debug|Any CPU
		{A2067C64-63DF-4541-82F2-CD6039A8D62B}.Release|Any CPU.ActiveCfg = Release|Any CPU
		{A2067C64-63DF-4541-82F2-CD6039A8D62B}.Release|Any CPU.Build.0 = Release|Any CPU
		{A2067C64-63DF-4541-82F2-CD6039A8D62B}.Release|x64.ActiveCfg = Release|Any CPU
		{A2067C64-63DF-4541-82F2-CD6039A8D62B}.Release|x64.Build.0 = Release|Any CPU
		{A2067C64-63DF-4541-82F2-CD6039A8D62B}.Release|x86.ActiveCfg = Release|Any CPU
		{A2067C64-63DF-4541-82F2-CD6039A8D62B}.Release|x86.Build.0 = Release|Any CPU
		{2F552A81-4666-45B1-BCC1-B823F972D07C}.Debug|Any CPU.ActiveCfg = Debug|Any CPU
		{2F552A81-4666-45B1-BCC1-B823F972D07C}.Debug|Any CPU.Build.0 = Debug|Any CPU
		{2F552A81-4666-45B1-BCC1-B823F972D07C}.Debug|x64.ActiveCfg = Debug|Any CPU
		{2F552A81-4666-45B1-BCC1-B823F972D07C}.Debug|x64.Build.0 = Debug|Any CPU
		{2F552A81-4666-45B1-BCC1-B823F972D07C}.Debug|x86.ActiveCfg = Debug|Any CPU
		{2F552A81-4666-45B1-BCC1-B823F972D07C}.Debug|x86.Build.0 = Debug|Any CPU
		{2F552A81-4666-45B1-BCC1-B823F972D07C}.Release|Any CPU.ActiveCfg = Release|Any CPU
		{2F552A81-4666-45B1-BCC1-B823F972D07C}.Release|Any CPU.Build.0 = Release|Any CPU
		{2F552A81-4666-45B1-BCC1-B823F972D07C}.Release|x64.ActiveCfg = Release|Any CPU
		{2F552A81-4666-45B1-BCC1-B823F972D07C}.Release|x64.Build.0 = Release|Any CPU
		{2F552A81-4666-45B1-BCC1-B823F972D07C}.Release|x86.ActiveCfg = Release|Any CPU
		{2F552A81-4666-45B1-BCC1-B823F972D07C}.Release|x86.Build.0 = Release|Any CPU
		{6810C2F0-3D91-43B9-9E19-D988A718BF4E}.Debug|Any CPU.ActiveCfg = Debug|Any CPU
		{6810C2F0-3D91-43B9-9E19-D988A718BF4E}.Debug|Any CPU.Build.0 = Debug|Any CPU
		{6810C2F0-3D91-43B9-9E19-D988A718BF4E}.Debug|x64.ActiveCfg = Debug|Any CPU
		{6810C2F0-3D91-43B9-9E19-D988A718BF4E}.Debug|x64.Build.0 = Debug|Any CPU
		{6810C2F0-3D91-43B9-9E19-D988A718BF4E}.Debug|x86.ActiveCfg = Debug|Any CPU
		{6810C2F0-3D91-43B9-9E19-D988A718BF4E}.Debug|x86.Build.0 = Debug|Any CPU
		{6810C2F0-3D91-43B9-9E19-D988A718BF4E}.Release|Any CPU.ActiveCfg = Release|Any CPU
		{6810C2F0-3D91-43B9-9E19-D988A718BF4E}.Release|Any CPU.Build.0 = Release|Any CPU
		{6810C2F0-3D91-43B9-9E19-D988A718BF4E}.Release|x64.ActiveCfg = Release|Any CPU
		{6810C2F0-3D91-43B9-9E19-D988A718BF4E}.Release|x64.Build.0 = Release|Any CPU
		{6810C2F0-3D91-43B9-9E19-D988A718BF4E}.Release|x86.ActiveCfg = Release|Any CPU
		{6810C2F0-3D91-43B9-9E19-D988A718BF4E}.Release|x86.Build.0 = Release|Any CPU
		{426CFB4F-9D69-44A8-B031-FE4E3F9DB2C4}.Debug|Any CPU.ActiveCfg = Debug|Any CPU
		{426CFB4F-9D69-44A8-B031-FE4E3F9DB2C4}.Debug|Any CPU.Build.0 = Debug|Any CPU
		{426CFB4F-9D69-44A8-B031-FE4E3F9DB2C4}.Debug|x64.ActiveCfg = Debug|Any CPU
		{426CFB4F-9D69-44A8-B031-FE4E3F9DB2C4}.Debug|x64.Build.0 = Debug|Any CPU
		{426CFB4F-9D69-44A8-B031-FE4E3F9DB2C4}.Debug|x86.ActiveCfg = Debug|Any CPU
		{426CFB4F-9D69-44A8-B031-FE4E3F9DB2C4}.Debug|x86.Build.0 = Debug|Any CPU
		{426CFB4F-9D69-44A8-B031-FE4E3F9DB2C4}.Release|Any CPU.ActiveCfg = Release|Any CPU
		{426CFB4F-9D69-44A8-B031-FE4E3F9DB2C4}.Release|Any CPU.Build.0 = Release|Any CPU
		{426CFB4F-9D69-44A8-B031-FE4E3F9DB2C4}.Release|x64.ActiveCfg = Release|Any CPU
		{426CFB4F-9D69-44A8-B031-FE4E3F9DB2C4}.Release|x64.Build.0 = Release|Any CPU
		{426CFB4F-9D69-44A8-B031-FE4E3F9DB2C4}.Release|x86.ActiveCfg = Release|Any CPU
		{426CFB4F-9D69-44A8-B031-FE4E3F9DB2C4}.Release|x86.Build.0 = Release|Any CPU
		{2ED16670-906A-45A4-B8CC-213539B5ED36}.Debug|Any CPU.ActiveCfg = Debug|Any CPU
		{2ED16670-906A-45A4-B8CC-213539B5ED36}.Debug|Any CPU.Build.0 = Debug|Any CPU
		{2ED16670-906A-45A4-B8CC-213539B5ED36}.Debug|x64.ActiveCfg = Debug|Any CPU
		{2ED16670-906A-45A4-B8CC-213539B5ED36}.Debug|x64.Build.0 = Debug|Any CPU
		{2ED16670-906A-45A4-B8CC-213539B5ED36}.Debug|x86.ActiveCfg = Debug|Any CPU
		{2ED16670-906A-45A4-B8CC-213539B5ED36}.Debug|x86.Build.0 = Debug|Any CPU
		{2ED16670-906A-45A4-B8CC-213539B5ED36}.Release|Any CPU.ActiveCfg = Release|Any CPU
		{2ED16670-906A-45A4-B8CC-213539B5ED36}.Release|Any CPU.Build.0 = Release|Any CPU
		{2ED16670-906A-45A4-B8CC-213539B5ED36}.Release|x64.ActiveCfg = Release|Any CPU
		{2ED16670-906A-45A4-B8CC-213539B5ED36}.Release|x64.Build.0 = Release|Any CPU
		{2ED16670-906A-45A4-B8CC-213539B5ED36}.Release|x86.ActiveCfg = Release|Any CPU
		{2ED16670-906A-45A4-B8CC-213539B5ED36}.Release|x86.Build.0 = Release|Any CPU
		{285BD69E-F806-4272-83BD-EDC653542867}.Debug|Any CPU.ActiveCfg = Debug|Any CPU
		{285BD69E-F806-4272-83BD-EDC653542867}.Debug|Any CPU.Build.0 = Debug|Any CPU
		{285BD69E-F806-4272-83BD-EDC653542867}.Debug|x64.ActiveCfg = Debug|Any CPU
		{285BD69E-F806-4272-83BD-EDC653542867}.Debug|x64.Build.0 = Debug|Any CPU
		{285BD69E-F806-4272-83BD-EDC653542867}.Debug|x86.ActiveCfg = Debug|Any CPU
		{285BD69E-F806-4272-83BD-EDC653542867}.Debug|x86.Build.0 = Debug|Any CPU
		{285BD69E-F806-4272-83BD-EDC653542867}.Release|Any CPU.ActiveCfg = Release|Any CPU
		{285BD69E-F806-4272-83BD-EDC653542867}.Release|Any CPU.Build.0 = Release|Any CPU
		{285BD69E-F806-4272-83BD-EDC653542867}.Release|x64.ActiveCfg = Release|Any CPU
		{285BD69E-F806-4272-83BD-EDC653542867}.Release|x64.Build.0 = Release|Any CPU
		{285BD69E-F806-4272-83BD-EDC653542867}.Release|x86.ActiveCfg = Release|Any CPU
		{285BD69E-F806-4272-83BD-EDC653542867}.Release|x86.Build.0 = Release|Any CPU
		{D39DD1E4-23B1-4AD0-9412-F3C309BF911B}.Debug|Any CPU.ActiveCfg = Debug|Any CPU
		{D39DD1E4-23B1-4AD0-9412-F3C309BF911B}.Debug|Any CPU.Build.0 = Debug|Any CPU
		{D39DD1E4-23B1-4AD0-9412-F3C309BF911B}.Debug|x64.ActiveCfg = Debug|Any CPU
		{D39DD1E4-23B1-4AD0-9412-F3C309BF911B}.Debug|x64.Build.0 = Debug|Any CPU
		{D39DD1E4-23B1-4AD0-9412-F3C309BF911B}.Debug|x86.ActiveCfg = Debug|Any CPU
		{D39DD1E4-23B1-4AD0-9412-F3C309BF911B}.Debug|x86.Build.0 = Debug|Any CPU
		{D39DD1E4-23B1-4AD0-9412-F3C309BF911B}.Release|Any CPU.ActiveCfg = Release|Any CPU
		{D39DD1E4-23B1-4AD0-9412-F3C309BF911B}.Release|Any CPU.Build.0 = Release|Any CPU
		{D39DD1E4-23B1-4AD0-9412-F3C309BF911B}.Release|x64.ActiveCfg = Release|Any CPU
		{D39DD1E4-23B1-4AD0-9412-F3C309BF911B}.Release|x64.Build.0 = Release|Any CPU
		{D39DD1E4-23B1-4AD0-9412-F3C309BF911B}.Release|x86.ActiveCfg = Release|Any CPU
		{D39DD1E4-23B1-4AD0-9412-F3C309BF911B}.Release|x86.Build.0 = Release|Any CPU
		{07E5D529-57AB-4134-8576-384F87F6C35F}.Debug|Any CPU.ActiveCfg = Debug|Any CPU
		{07E5D529-57AB-4134-8576-384F87F6C35F}.Debug|Any CPU.Build.0 = Debug|Any CPU
		{07E5D529-57AB-4134-8576-384F87F6C35F}.Debug|x64.ActiveCfg = Debug|Any CPU
		{07E5D529-57AB-4134-8576-384F87F6C35F}.Debug|x64.Build.0 = Debug|Any CPU
		{07E5D529-57AB-4134-8576-384F87F6C35F}.Debug|x86.ActiveCfg = Debug|Any CPU
		{07E5D529-57AB-4134-8576-384F87F6C35F}.Debug|x86.Build.0 = Debug|Any CPU
		{07E5D529-57AB-4134-8576-384F87F6C35F}.Release|Any CPU.ActiveCfg = Release|Any CPU
		{07E5D529-57AB-4134-8576-384F87F6C35F}.Release|Any CPU.Build.0 = Release|Any CPU
		{07E5D529-57AB-4134-8576-384F87F6C35F}.Release|x64.ActiveCfg = Release|Any CPU
		{07E5D529-57AB-4134-8576-384F87F6C35F}.Release|x64.Build.0 = Release|Any CPU
		{07E5D529-57AB-4134-8576-384F87F6C35F}.Release|x86.ActiveCfg = Release|Any CPU
		{07E5D529-57AB-4134-8576-384F87F6C35F}.Release|x86.Build.0 = Release|Any CPU
		{ACCE8EA8-DF59-4632-A20C-6B64A01346B1}.Debug|Any CPU.ActiveCfg = Debug|Any CPU
		{ACCE8EA8-DF59-4632-A20C-6B64A01346B1}.Debug|Any CPU.Build.0 = Debug|Any CPU
		{ACCE8EA8-DF59-4632-A20C-6B64A01346B1}.Debug|x64.ActiveCfg = Debug|Any CPU
		{ACCE8EA8-DF59-4632-A20C-6B64A01346B1}.Debug|x64.Build.0 = Debug|Any CPU
		{ACCE8EA8-DF59-4632-A20C-6B64A01346B1}.Debug|x86.ActiveCfg = Debug|Any CPU
		{ACCE8EA8-DF59-4632-A20C-6B64A01346B1}.Debug|x86.Build.0 = Debug|Any CPU
		{ACCE8EA8-DF59-4632-A20C-6B64A01346B1}.Release|Any CPU.ActiveCfg = Release|Any CPU
		{ACCE8EA8-DF59-4632-A20C-6B64A01346B1}.Release|Any CPU.Build.0 = Release|Any CPU
		{ACCE8EA8-DF59-4632-A20C-6B64A01346B1}.Release|x64.ActiveCfg = Release|Any CPU
		{ACCE8EA8-DF59-4632-A20C-6B64A01346B1}.Release|x64.Build.0 = Release|Any CPU
		{ACCE8EA8-DF59-4632-A20C-6B64A01346B1}.Release|x86.ActiveCfg = Release|Any CPU
		{ACCE8EA8-DF59-4632-A20C-6B64A01346B1}.Release|x86.Build.0 = Release|Any CPU
		{4D23D46D-6F37-4F14-AD71-B5FEC1DAD5F8}.Debug|Any CPU.ActiveCfg = Debug|Any CPU
		{4D23D46D-6F37-4F14-AD71-B5FEC1DAD5F8}.Debug|Any CPU.Build.0 = Debug|Any CPU
		{4D23D46D-6F37-4F14-AD71-B5FEC1DAD5F8}.Debug|x64.ActiveCfg = Debug|Any CPU
		{4D23D46D-6F37-4F14-AD71-B5FEC1DAD5F8}.Debug|x64.Build.0 = Debug|Any CPU
		{4D23D46D-6F37-4F14-AD71-B5FEC1DAD5F8}.Debug|x86.ActiveCfg = Debug|Any CPU
		{4D23D46D-6F37-4F14-AD71-B5FEC1DAD5F8}.Debug|x86.Build.0 = Debug|Any CPU
		{4D23D46D-6F37-4F14-AD71-B5FEC1DAD5F8}.Release|Any CPU.ActiveCfg = Release|Any CPU
		{4D23D46D-6F37-4F14-AD71-B5FEC1DAD5F8}.Release|Any CPU.Build.0 = Release|Any CPU
		{4D23D46D-6F37-4F14-AD71-B5FEC1DAD5F8}.Release|x64.ActiveCfg = Release|Any CPU
		{4D23D46D-6F37-4F14-AD71-B5FEC1DAD5F8}.Release|x64.Build.0 = Release|Any CPU
		{4D23D46D-6F37-4F14-AD71-B5FEC1DAD5F8}.Release|x86.ActiveCfg = Release|Any CPU
		{4D23D46D-6F37-4F14-AD71-B5FEC1DAD5F8}.Release|x86.Build.0 = Release|Any CPU
		{36C34A48-93E0-485A-A375-2060965F48FC}.Debug|Any CPU.ActiveCfg = Debug|Any CPU
		{36C34A48-93E0-485A-A375-2060965F48FC}.Debug|Any CPU.Build.0 = Debug|Any CPU
		{36C34A48-93E0-485A-A375-2060965F48FC}.Debug|x64.ActiveCfg = Debug|Any CPU
		{36C34A48-93E0-485A-A375-2060965F48FC}.Debug|x64.Build.0 = Debug|Any CPU
		{36C34A48-93E0-485A-A375-2060965F48FC}.Debug|x86.ActiveCfg = Debug|Any CPU
		{36C34A48-93E0-485A-A375-2060965F48FC}.Debug|x86.Build.0 = Debug|Any CPU
		{36C34A48-93E0-485A-A375-2060965F48FC}.Release|Any CPU.ActiveCfg = Release|Any CPU
		{36C34A48-93E0-485A-A375-2060965F48FC}.Release|Any CPU.Build.0 = Release|Any CPU
		{36C34A48-93E0-485A-A375-2060965F48FC}.Release|x64.ActiveCfg = Release|Any CPU
		{36C34A48-93E0-485A-A375-2060965F48FC}.Release|x64.Build.0 = Release|Any CPU
		{36C34A48-93E0-485A-A375-2060965F48FC}.Release|x86.ActiveCfg = Release|Any CPU
		{36C34A48-93E0-485A-A375-2060965F48FC}.Release|x86.Build.0 = Release|Any CPU
		{2A3F2FE6-2856-4695-9D79-208BCF656D0C}.Debug|Any CPU.ActiveCfg = Debug|Any CPU
		{2A3F2FE6-2856-4695-9D79-208BCF656D0C}.Debug|Any CPU.Build.0 = Debug|Any CPU
		{2A3F2FE6-2856-4695-9D79-208BCF656D0C}.Debug|x64.ActiveCfg = Debug|Any CPU
		{2A3F2FE6-2856-4695-9D79-208BCF656D0C}.Debug|x64.Build.0 = Debug|Any CPU
		{2A3F2FE6-2856-4695-9D79-208BCF656D0C}.Debug|x86.ActiveCfg = Debug|Any CPU
		{2A3F2FE6-2856-4695-9D79-208BCF656D0C}.Debug|x86.Build.0 = Debug|Any CPU
		{2A3F2FE6-2856-4695-9D79-208BCF656D0C}.Release|Any CPU.ActiveCfg = Release|Any CPU
		{2A3F2FE6-2856-4695-9D79-208BCF656D0C}.Release|Any CPU.Build.0 = Release|Any CPU
		{2A3F2FE6-2856-4695-9D79-208BCF656D0C}.Release|x64.ActiveCfg = Release|Any CPU
		{2A3F2FE6-2856-4695-9D79-208BCF656D0C}.Release|x64.Build.0 = Release|Any CPU
		{2A3F2FE6-2856-4695-9D79-208BCF656D0C}.Release|x86.ActiveCfg = Release|Any CPU
		{2A3F2FE6-2856-4695-9D79-208BCF656D0C}.Release|x86.Build.0 = Release|Any CPU
		{374C8663-BE43-48E7-99CA-78F20AA640CC}.Debug|Any CPU.ActiveCfg = Debug|Any CPU
		{374C8663-BE43-48E7-99CA-78F20AA640CC}.Debug|Any CPU.Build.0 = Debug|Any CPU
		{374C8663-BE43-48E7-99CA-78F20AA640CC}.Debug|x64.ActiveCfg = Debug|Any CPU
		{374C8663-BE43-48E7-99CA-78F20AA640CC}.Debug|x64.Build.0 = Debug|Any CPU
		{374C8663-BE43-48E7-99CA-78F20AA640CC}.Debug|x86.ActiveCfg = Debug|Any CPU
		{374C8663-BE43-48E7-99CA-78F20AA640CC}.Debug|x86.Build.0 = Debug|Any CPU
		{374C8663-BE43-48E7-99CA-78F20AA640CC}.Release|Any CPU.ActiveCfg = Release|Any CPU
		{374C8663-BE43-48E7-99CA-78F20AA640CC}.Release|Any CPU.Build.0 = Release|Any CPU
		{374C8663-BE43-48E7-99CA-78F20AA640CC}.Release|x64.ActiveCfg = Release|Any CPU
		{374C8663-BE43-48E7-99CA-78F20AA640CC}.Release|x64.Build.0 = Release|Any CPU
		{374C8663-BE43-48E7-99CA-78F20AA640CC}.Release|x86.ActiveCfg = Release|Any CPU
		{374C8663-BE43-48E7-99CA-78F20AA640CC}.Release|x86.Build.0 = Release|Any CPU
		{EA475E2F-E2A8-43B6-94FF-6AC11176D84B}.Debug|Any CPU.ActiveCfg = Debug|Any CPU
		{EA475E2F-E2A8-43B6-94FF-6AC11176D84B}.Debug|Any CPU.Build.0 = Debug|Any CPU
		{EA475E2F-E2A8-43B6-94FF-6AC11176D84B}.Debug|x64.ActiveCfg = Debug|Any CPU
		{EA475E2F-E2A8-43B6-94FF-6AC11176D84B}.Debug|x64.Build.0 = Debug|Any CPU
		{EA475E2F-E2A8-43B6-94FF-6AC11176D84B}.Debug|x86.ActiveCfg = Debug|Any CPU
		{EA475E2F-E2A8-43B6-94FF-6AC11176D84B}.Debug|x86.Build.0 = Debug|Any CPU
		{EA475E2F-E2A8-43B6-94FF-6AC11176D84B}.Release|Any CPU.ActiveCfg = Release|Any CPU
		{EA475E2F-E2A8-43B6-94FF-6AC11176D84B}.Release|Any CPU.Build.0 = Release|Any CPU
		{EA475E2F-E2A8-43B6-94FF-6AC11176D84B}.Release|x64.ActiveCfg = Release|Any CPU
		{EA475E2F-E2A8-43B6-94FF-6AC11176D84B}.Release|x64.Build.0 = Release|Any CPU
		{EA475E2F-E2A8-43B6-94FF-6AC11176D84B}.Release|x86.ActiveCfg = Release|Any CPU
		{EA475E2F-E2A8-43B6-94FF-6AC11176D84B}.Release|x86.Build.0 = Release|Any CPU
		{1F5D4B8A-3037-41B2-8034-D67EB92C9C82}.Debug|Any CPU.ActiveCfg = Debug|Any CPU
		{1F5D4B8A-3037-41B2-8034-D67EB92C9C82}.Debug|Any CPU.Build.0 = Debug|Any CPU
		{1F5D4B8A-3037-41B2-8034-D67EB92C9C82}.Debug|x64.ActiveCfg = Debug|Any CPU
		{1F5D4B8A-3037-41B2-8034-D67EB92C9C82}.Debug|x64.Build.0 = Debug|Any CPU
		{1F5D4B8A-3037-41B2-8034-D67EB92C9C82}.Debug|x86.ActiveCfg = Debug|Any CPU
		{1F5D4B8A-3037-41B2-8034-D67EB92C9C82}.Debug|x86.Build.0 = Debug|Any CPU
		{1F5D4B8A-3037-41B2-8034-D67EB92C9C82}.Release|Any CPU.ActiveCfg = Release|Any CPU
		{1F5D4B8A-3037-41B2-8034-D67EB92C9C82}.Release|Any CPU.Build.0 = Release|Any CPU
		{1F5D4B8A-3037-41B2-8034-D67EB92C9C82}.Release|x64.ActiveCfg = Release|Any CPU
		{1F5D4B8A-3037-41B2-8034-D67EB92C9C82}.Release|x64.Build.0 = Release|Any CPU
		{1F5D4B8A-3037-41B2-8034-D67EB92C9C82}.Release|x86.ActiveCfg = Release|Any CPU
		{1F5D4B8A-3037-41B2-8034-D67EB92C9C82}.Release|x86.Build.0 = Release|Any CPU
	EndGlobalSection
	GlobalSection(SolutionProperties) = preSolution
		HideSolutionNode = FALSE
	EndGlobalSection
	GlobalSection(NestedProjects) = preSolution
		{81C5FA5E-A62B-98A1-4CBC-09B5BB06FF07} = {809F86A1-1C4C-B159-0CD4-DF9D33D876CE}
		{81E72A2A-C65F-431D-B424-65DB9B42B888} = {81C5FA5E-A62B-98A1-4CBC-09B5BB06FF07}
		{02EA8F19-882C-421A-9451-C071B82AA647} = {81C5FA5E-A62B-98A1-4CBC-09B5BB06FF07}
		{A2067C64-63DF-4541-82F2-CD6039A8D62B} = {81C5FA5E-A62B-98A1-4CBC-09B5BB06FF07}
		{2F552A81-4666-45B1-BCC1-B823F972D07C} = {81C5FA5E-A62B-98A1-4CBC-09B5BB06FF07}
		{A945DB05-C800-8A71-D24C-4FA0B61D3759} = {809F86A1-1C4C-B159-0CD4-DF9D33D876CE}
		{6810C2F0-3D91-43B9-9E19-D988A718BF4E} = {A945DB05-C800-8A71-D24C-4FA0B61D3759}
		{B9423D08-CE48-A7AE-D053-55CAACFA0FFF} = {809F86A1-1C4C-B159-0CD4-DF9D33D876CE}
		{426CFB4F-9D69-44A8-B031-FE4E3F9DB2C4} = {B9423D08-CE48-A7AE-D053-55CAACFA0FFF}
		{BC1CBC8D-895D-08E1-B3BF-7F4EA9D04990} = {809F86A1-1C4C-B159-0CD4-DF9D33D876CE}
		{2ED16670-906A-45A4-B8CC-213539B5ED36} = {BC1CBC8D-895D-08E1-B3BF-7F4EA9D04990}
		{BF808D8C-9CCA-4AC7-3717-5549EED6ECE8} = {809F86A1-1C4C-B159-0CD4-DF9D33D876CE}
		{285BD69E-F806-4272-83BD-EDC653542867} = {BF808D8C-9CCA-4AC7-3717-5549EED6ECE8}
		{72FEB734-7670-BDE7-A775-816F8EB9EF43} = {809F86A1-1C4C-B159-0CD4-DF9D33D876CE}
		{D39DD1E4-23B1-4AD0-9412-F3C309BF911B} = {72FEB734-7670-BDE7-A775-816F8EB9EF43}
		{02FD4ABA-C481-1A51-5890-3532152FB947} = {1787FE1D-075E-9E68-7218-25F1BD1BBEAB}
		{07E5D529-57AB-4134-8576-384F87F6C35F} = {02FD4ABA-C481-1A51-5890-3532152FB947}
		{016E74C4-BA66-7AF7-EB99-0403331CA56E} = {809F86A1-1C4C-B159-0CD4-DF9D33D876CE}
		{ACCE8EA8-DF59-4632-A20C-6B64A01346B1} = {016E74C4-BA66-7AF7-EB99-0403331CA56E}
		{875F2892-3B43-8868-189A-09A484CD40A7} = {809F86A1-1C4C-B159-0CD4-DF9D33D876CE}
		{4D23D46D-6F37-4F14-AD71-B5FEC1DAD5F8} = {875F2892-3B43-8868-189A-09A484CD40A7}
		{889DB5B7-BB0E-9486-7B09-0C8CB21ACA3E} = {809F86A1-1C4C-B159-0CD4-DF9D33D876CE}
		{36C34A48-93E0-485A-A375-2060965F48FC} = {889DB5B7-BB0E-9486-7B09-0C8CB21ACA3E}
		{740FA828-1707-0689-5F07-0CB2A65FA23D} = {809F86A1-1C4C-B159-0CD4-DF9D33D876CE}
		{2A3F2FE6-2856-4695-9D79-208BCF656D0C} = {740FA828-1707-0689-5F07-0CB2A65FA23D}
		{374C8663-BE43-48E7-99CA-78F20AA640CC} = {809F86A1-1C4C-B159-0CD4-DF9D33D876CE}
		{EA475E2F-E2A8-43B6-94FF-6AC11176D84B} = {809F86A1-1C4C-B159-0CD4-DF9D33D876CE}
		{1F5D4B8A-3037-41B2-8034-D67EB92C9C82} = {07C2787E-EAC7-C090-1BA3-A61EC2A24D84}
	EndGlobalSection
EndGlobal
